
Microsoft Visual Studio Solution File, Format Version 12.00
# Visual Studio Version 16
VisualStudioVersion = 16.0.28315.86
MinimumVisualStudioVersion = 10.0.40219.1
Project("{2150E333-8FDC-42A3-9474-1A3956D46DE8}") = "Engine", "Engine", "{94A6C6F3-99B3-346E-9557-ABF9D4064DBD}"
EndProject
Project("{2150E333-8FDC-42A3-9474-1A3956D46DE8}") = "Games", "Games", "{8E2F6A87-1826-34F4-940C-CC23A48F9FE4}"
EndProject
Project("{8BC9CEB8-8B4A-11D0-8D11-00A0C91BC942}") = "Cognitive3DTest", "Intermediate\ProjectFiles\Cognitive3DTest.vcxproj", "{0E2B59D5-E745-418B-8109-E1B501F09816}"
EndProject
Project("{8BC9CEB8-8B4A-11D0-8D11-00A0C91BC942}") = "UE4", "Intermediate\ProjectFiles\UE4.vcxproj", "{8D1318FF-C387-4837-BAB3-87E4E0A8BB0C}"
EndProject
Project("{2150E333-8FDC-42A3-9474-1A3956D46DE8}") = "Visualizers", "Visualizers", "{1CCEC849-CC72-4C59-8C36-2F7C38706D4C}"
	ProjectSection(SolutionItems) = preProject
		..\..\..\Program Files\Epic Games\UE_4.26\Engine\Extras\VisualStudioDebugging\UE4.natvis = ..\..\..\Program Files\Epic Games\UE_4.26\Engine\Extras\VisualStudioDebugging\UE4.natvis
	EndProjectSection
EndProject
Global
	GlobalSection(SolutionConfigurationPlatforms) = preSolution
		DebugGame Editor|Android = DebugGame Editor|Android
		DebugGame Editor|Win32 = DebugGame Editor|Win32
		DebugGame Editor|Win64 = DebugGame Editor|Win64
		DebugGame|Android = DebugGame|Android
		DebugGame|Win32 = DebugGame|Win32
		DebugGame|Win64 = DebugGame|Win64
		Development Editor|Android = Development Editor|Android
		Development Editor|Win32 = Development Editor|Win32
		Development Editor|Win64 = Development Editor|Win64
		Development|Android = Development|Android
		Development|Win32 = Development|Win32
		Development|Win64 = Development|Win64
		Shipping|Android = Shipping|Android
		Shipping|Win32 = Shipping|Win32
		Shipping|Win64 = Shipping|Win64
	EndGlobalSection
	GlobalSection(ProjectConfigurationPlatforms) = postSolution
		{0E2B59D5-E745-418B-8109-E1B501F09816}.DebugGame Editor|Android.ActiveCfg = Invalid|Win32
		{0E2B59D5-E745-418B-8109-E1B501F09816}.DebugGame Editor|Win32.ActiveCfg = Invalid|Win32
		{0E2B59D5-E745-418B-8109-E1B501F09816}.DebugGame Editor|Win64.ActiveCfg = DebugGame_Editor|x64
		{0E2B59D5-E745-418B-8109-E1B501F09816}.DebugGame Editor|Win64.Build.0 = DebugGame_Editor|x64
		{0E2B59D5-E745-418B-8109-E1B501F09816}.DebugGame|Android.ActiveCfg = Android_DebugGame|Win32
		{0E2B59D5-E745-418B-8109-E1B501F09816}.DebugGame|Android.Build.0 = Android_DebugGame|Win32
		{0E2B59D5-E745-418B-8109-E1B501F09816}.DebugGame|Win32.ActiveCfg = DebugGame|Win32
		{0E2B59D5-E745-418B-8109-E1B501F09816}.DebugGame|Win32.Build.0 = DebugGame|Win32
		{0E2B59D5-E745-418B-8109-E1B501F09816}.DebugGame|Win64.ActiveCfg = DebugGame|x64
		{0E2B59D5-E745-418B-8109-E1B501F09816}.DebugGame|Win64.Build.0 = DebugGame|x64
		{0E2B59D5-E745-418B-8109-E1B501F09816}.Development Editor|Android.ActiveCfg = Invalid|Win32
		{0E2B59D5-E745-418B-8109-E1B501F09816}.Development Editor|Win32.ActiveCfg = Invalid|Win32
		{0E2B59D5-E745-418B-8109-E1B501F09816}.Development Editor|Win64.ActiveCfg = Development_Editor|x64
		{0E2B59D5-E745-418B-8109-E1B501F09816}.Development Editor|Win64.Build.0 = Development_Editor|x64
		{0E2B59D5-E745-418B-8109-E1B501F09816}.Development|Android.ActiveCfg = Android_Development|Win32
		{0E2B59D5-E745-418B-8109-E1B501F09816}.Development|Android.Build.0 = Android_Development|Win32
		{0E2B59D5-E745-418B-8109-E1B501F09816}.Development|Win32.ActiveCfg = Development|Win32
		{0E2B59D5-E745-418B-8109-E1B501F09816}.Development|Win32.Build.0 = Development|Win32
		{0E2B59D5-E745-418B-8109-E1B501F09816}.Development|Win64.ActiveCfg = Development|x64
		{0E2B59D5-E745-418B-8109-E1B501F09816}.Development|Win64.Build.0 = Development|x64
		{0E2B59D5-E745-418B-8109-E1B501F09816}.Shipping|Android.ActiveCfg = Android_Shipping|Win32
		{0E2B59D5-E745-418B-8109-E1B501F09816}.Shipping|Android.Build.0 = Android_Shipping|Win32
		{0E2B59D5-E745-418B-8109-E1B501F09816}.Shipping|Win32.ActiveCfg = Shipping|Win32
		{0E2B59D5-E745-418B-8109-E1B501F09816}.Shipping|Win32.Build.0 = Shipping|Win32
		{0E2B59D5-E745-418B-8109-E1B501F09816}.Shipping|Win64.ActiveCfg = Shipping|x64
		{0E2B59D5-E745-418B-8109-E1B501F09816}.Shipping|Win64.Build.0 = Shipping|x64
		{8D1318FF-C387-4837-BAB3-87E4E0A8BB0C}.DebugGame Editor|Android.ActiveCfg = BuiltWithUnrealBuildTool|Win32
		{8D1318FF-C387-4837-BAB3-87E4E0A8BB0C}.DebugGame Editor|Win32.ActiveCfg = BuiltWithUnrealBuildTool|Win32
		{8D1318FF-C387-4837-BAB3-87E4E0A8BB0C}.DebugGame Editor|Win64.ActiveCfg = BuiltWithUnrealBuildTool|Win32
		{8D1318FF-C387-4837-BAB3-87E4E0A8BB0C}.DebugGame|Android.ActiveCfg = BuiltWithUnrealBuildTool|Win32
		{8D1318FF-C387-4837-BAB3-87E4E0A8BB0C}.DebugGame|Win32.ActiveCfg = BuiltWithUnrealBuildTool|Win32
		{8D1318FF-C387-4837-BAB3-87E4E0A8BB0C}.DebugGame|Win64.ActiveCfg = BuiltWithUnrealBuildTool|Win32
		{8D1318FF-C387-4837-BAB3-87E4E0A8BB0C}.Development Editor|Android.ActiveCfg = BuiltWithUnrealBuildTool|Win32
		{8D1318FF-C387-4837-BAB3-87E4E0A8BB0C}.Development Editor|Win32.ActiveCfg = BuiltWithUnrealBuildTool|Win32
		{8D1318FF-C387-4837-BAB3-87E4E0A8BB0C}.Development Editor|Win64.ActiveCfg = BuiltWithUnrealBuildTool|Win32
		{8D1318FF-C387-4837-BAB3-87E4E0A8BB0C}.Development|Android.ActiveCfg = BuiltWithUnrealBuildTool|Win32
		{8D1318FF-C387-4837-BAB3-87E4E0A8BB0C}.Development|Win32.ActiveCfg = BuiltWithUnrealBuildTool|Win32
		{8D1318FF-C387-4837-BAB3-87E4E0A8BB0C}.Development|Win64.ActiveCfg = BuiltWithUnrealBuildTool|Win32
		{8D1318FF-C387-4837-BAB3-87E4E0A8BB0C}.Shipping|Android.ActiveCfg = BuiltWithUnrealBuildTool|Win32
		{8D1318FF-C387-4837-BAB3-87E4E0A8BB0C}.Shipping|Win32.ActiveCfg = BuiltWithUnrealBuildTool|Win32
		{8D1318FF-C387-4837-BAB3-87E4E0A8BB0C}.Shipping|Win64.ActiveCfg = BuiltWithUnrealBuildTool|Win32
	EndGlobalSection
	GlobalSection(SolutionProperties) = preSolution
		HideSolutionNode = FALSE
	EndGlobalSection
	GlobalSection(NestedProjects) = preSolution
		{8D1318FF-C387-4837-BAB3-87E4E0A8BB0C} = {94A6C6F3-99B3-346E-9557-ABF9D4064DBD}
		{0E2B59D5-E745-418B-8109-E1B501F09816} = {8E2F6A87-1826-34F4-940C-CC23A48F9FE4}
	EndGlobalSection
EndGlobal
