
Microsoft Visual Studio Solution File, Format Version 12.00
# Visual Studio 14
VisualStudioVersion = 14.0.22310.1
MinimumVisualStudioVersion = 10.0.40219.1
Project("{2150E333-8FDC-42A3-9474-1A3956D46DE8}") = "Engine", "Engine", "{F1501F40-B9C6-48BF-81EA-6CF395DF4E1E}"
EndProject
Project("{2150E333-8FDC-42A3-9474-1A3956D46DE8}") = "Games", "Games", "{2F447817-DC3F-485F-ABC3-5FF6BE0A43AE}"
EndProject
Project("{8BC9CEB8-8B4A-11D0-8D11-00A0C91BC942}") = "UE4", "Intermediate\ProjectFiles\UE4.vcxproj", "{1BB5A4AD-A464-488E-AFC5-6A59EC3020BF}"
EndProject
Project("{8BC9CEB8-8B4A-11D0-8D11-00A0C91BC942}") = "CognitiveVRTest", "Intermediate\ProjectFiles\CognitiveVRTest.vcxproj", "{615D6791-EE8A-469C-BBCD-0C3CEFA6CFB1}"
EndProject
Global
	GlobalSection(SolutionConfigurationPlatforms) = preSolution
		DebugGame Editor|Win32 = DebugGame Editor|Win32
		DebugGame Editor|Win64 = DebugGame Editor|Win64
		DebugGame|Win32 = DebugGame|Win32
		DebugGame|Win64 = DebugGame|Win64
		Development Editor|Win32 = Development Editor|Win32
		Development Editor|Win64 = Development Editor|Win64
		Development|Win32 = Development|Win32
		Development|Win64 = Development|Win64
		Shipping|Win32 = Shipping|Win32
		Shipping|Win64 = Shipping|Win64
	EndGlobalSection
	GlobalSection(ProjectConfigurationPlatforms) = postSolution
		{615D6791-EE8A-469C-BBCD-0C3CEFA6CFB1}.DebugGame Editor|Win32.ActiveCfg = DebugGame_Editor|Win32
		{615D6791-EE8A-469C-BBCD-0C3CEFA6CFB1}.DebugGame Editor|Win64.ActiveCfg = DebugGame_Editor|x64
		{615D6791-EE8A-469C-BBCD-0C3CEFA6CFB1}.DebugGame Editor|Win64.Build.0 = DebugGame_Editor|x64
		{615D6791-EE8A-469C-BBCD-0C3CEFA6CFB1}.DebugGame|Win32.ActiveCfg = DebugGame_Game|Win32
		{615D6791-EE8A-469C-BBCD-0C3CEFA6CFB1}.DebugGame|Win32.Build.0 = DebugGame_Game|Win32
		{615D6791-EE8A-469C-BBCD-0C3CEFA6CFB1}.DebugGame|Win64.ActiveCfg = DebugGame_Game|x64
		{615D6791-EE8A-469C-BBCD-0C3CEFA6CFB1}.DebugGame|Win64.Build.0 = DebugGame_Game|x64
		{615D6791-EE8A-469C-BBCD-0C3CEFA6CFB1}.Development Editor|Win32.ActiveCfg = Development_Editor|Win32
		{615D6791-EE8A-469C-BBCD-0C3CEFA6CFB1}.Development Editor|Win64.ActiveCfg = Development_Editor|x64
		{615D6791-EE8A-469C-BBCD-0C3CEFA6CFB1}.Development Editor|Win64.Build.0 = Development_Editor|x64
		{615D6791-EE8A-469C-BBCD-0C3CEFA6CFB1}.Development|Win32.ActiveCfg = Development_Game|Win32
		{615D6791-EE8A-469C-BBCD-0C3CEFA6CFB1}.Development|Win32.Build.0 = Development_Game|Win32
		{615D6791-EE8A-469C-BBCD-0C3CEFA6CFB1}.Development|Win64.ActiveCfg = Development_Game|x64
		{615D6791-EE8A-469C-BBCD-0C3CEFA6CFB1}.Development|Win64.Build.0 = Development_Game|x64
		{615D6791-EE8A-469C-BBCD-0C3CEFA6CFB1}.Shipping|Win32.ActiveCfg = Shipping_Game|Win32
		{615D6791-EE8A-469C-BBCD-0C3CEFA6CFB1}.Shipping|Win32.Build.0 = Shipping_Game|Win32
		{615D6791-EE8A-469C-BBCD-0C3CEFA6CFB1}.Shipping|Win64.ActiveCfg = Shipping_Game|x64
		{615D6791-EE8A-469C-BBCD-0C3CEFA6CFB1}.Shipping|Win64.Build.0 = Shipping_Game|x64
	EndGlobalSection
	GlobalSection(SolutionProperties) = preSolution
		HideSolutionNode = FALSE
	EndGlobalSection
	GlobalSection(NestedProjects) = preSolution
		{1BB5A4AD-A464-488E-AFC5-6A59EC3020BF} = {F1501F40-B9C6-48BF-81EA-6CF395DF4E1E}
		{615D6791-EE8A-469C-BBCD-0C3CEFA6CFB1} = {2F447817-DC3F-485F-ABC3-5FF6BE0A43AE}
	EndGlobalSection
EndGlobal
