
Microsoft Visual Studio Solution File, Format Version 12.00
# Visual Studio 14
VisualStudioVersion = 14.0.25123.0
MinimumVisualStudioVersion = 10.0.40219.1
Project("{2150E333-8FDC-42A3-9474-1A3956D46DE8}") = "Engine", "Engine", "{A7ACB5D9-4822-4443-B940-0CF190E6B4D4}"
EndProject
Project("{2150E333-8FDC-42A3-9474-1A3956D46DE8}") = "Games", "Games", "{F8CFAB27-E8C5-44B2-9597-C28BB1455CE7}"
EndProject
Project("{8BC9CEB8-8B4A-11D0-8D11-00A0C91BC942}") = "UE4", "Intermediate\ProjectFiles\UE4.vcxproj", "{87A809E2-A6FA-420C-BBEC-C202A9DBF84A}"
EndProject
Project("{8BC9CEB8-8B4A-11D0-8D11-00A0C91BC942}") = "CognitiveVRTest", "Intermediate\ProjectFiles\CognitiveVRTest.vcxproj", "{A851CDC0-65E2-4D3E-8E66-C06FAD5D503A}"
EndProject
Global
	GlobalSection(SolutionConfigurationPlatforms) = preSolution
		DebugGame Editor|Win32 = DebugGame Editor|Win32
		DebugGame Editor|Win64 = DebugGame Editor|Win64
		DebugGame|Win32 = DebugGame|Win32
		DebugGame|Win64 = DebugGame|Win64
		Development Editor|Win32 = Development Editor|Win32
		Development Editor|Win64 = Development Editor|Win64
		Development|Win32 = Development|Win32
		Development|Win64 = Development|Win64
		Shipping|Win32 = Shipping|Win32
		Shipping|Win64 = Shipping|Win64
	EndGlobalSection
	GlobalSection(ProjectConfigurationPlatforms) = postSolution
		{87A809E2-A6FA-420C-BBEC-C202A9DBF84A}.DebugGame Editor|Win32.ActiveCfg = BuiltWithUnrealBuildTool|Win32
		{87A809E2-A6FA-420C-BBEC-C202A9DBF84A}.DebugGame Editor|Win32.Build.0 = BuiltWithUnrealBuildTool|Win32
		{87A809E2-A6FA-420C-BBEC-C202A9DBF84A}.DebugGame Editor|Win64.ActiveCfg = BuiltWithUnrealBuildTool|Win32
		{87A809E2-A6FA-420C-BBEC-C202A9DBF84A}.DebugGame Editor|Win64.Build.0 = BuiltWithUnrealBuildTool|Win32
		{87A809E2-A6FA-420C-BBEC-C202A9DBF84A}.DebugGame|Win32.ActiveCfg = BuiltWithUnrealBuildTool|Win32
		{87A809E2-A6FA-420C-BBEC-C202A9DBF84A}.DebugGame|Win32.Build.0 = BuiltWithUnrealBuildTool|Win32
		{87A809E2-A6FA-420C-BBEC-C202A9DBF84A}.DebugGame|Win64.ActiveCfg = BuiltWithUnrealBuildTool|Win32
		{87A809E2-A6FA-420C-BBEC-C202A9DBF84A}.DebugGame|Win64.Build.0 = BuiltWithUnrealBuildTool|Win32
		{87A809E2-A6FA-420C-BBEC-C202A9DBF84A}.Development Editor|Win32.ActiveCfg = BuiltWithUnrealBuildTool|Win32
		{87A809E2-A6FA-420C-BBEC-C202A9DBF84A}.Development Editor|Win32.Build.0 = BuiltWithUnrealBuildTool|Win32
		{87A809E2-A6FA-420C-BBEC-C202A9DBF84A}.Development Editor|Win64.ActiveCfg = BuiltWithUnrealBuildTool|Win32
		{87A809E2-A6FA-420C-BBEC-C202A9DBF84A}.Development Editor|Win64.Build.0 = BuiltWithUnrealBuildTool|Win32
		{87A809E2-A6FA-420C-BBEC-C202A9DBF84A}.Development|Win32.ActiveCfg = BuiltWithUnrealBuildTool|Win32
		{87A809E2-A6FA-420C-BBEC-C202A9DBF84A}.Development|Win32.Build.0 = BuiltWithUnrealBuildTool|Win32
		{87A809E2-A6FA-420C-BBEC-C202A9DBF84A}.Development|Win64.ActiveCfg = BuiltWithUnrealBuildTool|Win32
		{87A809E2-A6FA-420C-BBEC-C202A9DBF84A}.Development|Win64.Build.0 = BuiltWithUnrealBuildTool|Win32
		{87A809E2-A6FA-420C-BBEC-C202A9DBF84A}.Shipping|Win32.ActiveCfg = BuiltWithUnrealBuildTool|Win32
		{87A809E2-A6FA-420C-BBEC-C202A9DBF84A}.Shipping|Win32.Build.0 = BuiltWithUnrealBuildTool|Win32
		{87A809E2-A6FA-420C-BBEC-C202A9DBF84A}.Shipping|Win64.ActiveCfg = BuiltWithUnrealBuildTool|Win32
		{87A809E2-A6FA-420C-BBEC-C202A9DBF84A}.Shipping|Win64.Build.0 = BuiltWithUnrealBuildTool|Win32
		{A851CDC0-65E2-4D3E-8E66-C06FAD5D503A}.DebugGame Editor|Win32.ActiveCfg = DebugGame_Editor|Win32
		{A851CDC0-65E2-4D3E-8E66-C06FAD5D503A}.DebugGame Editor|Win64.ActiveCfg = DebugGame_Editor|x64
		{A851CDC0-65E2-4D3E-8E66-C06FAD5D503A}.DebugGame Editor|Win64.Build.0 = DebugGame_Editor|x64
		{A851CDC0-65E2-4D3E-8E66-C06FAD5D503A}.DebugGame|Win32.ActiveCfg = DebugGame_Game|Win32
		{A851CDC0-65E2-4D3E-8E66-C06FAD5D503A}.DebugGame|Win32.Build.0 = DebugGame_Game|Win32
		{A851CDC0-65E2-4D3E-8E66-C06FAD5D503A}.DebugGame|Win64.ActiveCfg = DebugGame_Game|x64
		{A851CDC0-65E2-4D3E-8E66-C06FAD5D503A}.DebugGame|Win64.Build.0 = DebugGame_Game|x64
		{A851CDC0-65E2-4D3E-8E66-C06FAD5D503A}.Development Editor|Win32.ActiveCfg = Development_Editor|Win32
		{A851CDC0-65E2-4D3E-8E66-C06FAD5D503A}.Development Editor|Win64.ActiveCfg = Development_Editor|x64
		{A851CDC0-65E2-4D3E-8E66-C06FAD5D503A}.Development Editor|Win64.Build.0 = Development_Editor|x64
		{A851CDC0-65E2-4D3E-8E66-C06FAD5D503A}.Development|Win32.ActiveCfg = Development_Game|Win32
		{A851CDC0-65E2-4D3E-8E66-C06FAD5D503A}.Development|Win32.Build.0 = Development_Game|Win32
		{A851CDC0-65E2-4D3E-8E66-C06FAD5D503A}.Development|Win64.ActiveCfg = Development_Game|x64
		{A851CDC0-65E2-4D3E-8E66-C06FAD5D503A}.Development|Win64.Build.0 = Development_Game|x64
		{A851CDC0-65E2-4D3E-8E66-C06FAD5D503A}.Shipping|Win32.ActiveCfg = Shipping_Game|Win32
		{A851CDC0-65E2-4D3E-8E66-C06FAD5D503A}.Shipping|Win32.Build.0 = Shipping_Game|Win32
		{A851CDC0-65E2-4D3E-8E66-C06FAD5D503A}.Shipping|Win64.ActiveCfg = Shipping_Game|x64
		{A851CDC0-65E2-4D3E-8E66-C06FAD5D503A}.Shipping|Win64.Build.0 = Shipping_Game|x64
	EndGlobalSection
	GlobalSection(SolutionProperties) = preSolution
		HideSolutionNode = FALSE
	EndGlobalSection
	GlobalSection(NestedProjects) = preSolution
		{87A809E2-A6FA-420C-BBEC-C202A9DBF84A} = {A7ACB5D9-4822-4443-B940-0CF190E6B4D4}
		{A851CDC0-65E2-4D3E-8E66-C06FAD5D503A} = {F8CFAB27-E8C5-44B2-9597-C28BB1455CE7}
	EndGlobalSection
EndGlobal
